
Microsoft Visual Studio Solution File, Format Version 12.00
# Visual Studio 2012
Project("{FAE04EC0-301F-11D3-BF4B-00C04F79EFBC}") = "MissleDrizzle", "MissleDrizzle\MissleDrizzle\MissleDrizzle.csproj", "{70EC88FD-F9B5-4C0C-B5C2-724C60E3A8AB}"
EndProject
Project("{FAE04EC0-301F-11D3-BF4B-00C04F79EFBC}") = "MissleDrizzleContent", "MissleDrizzle\MissleDrizzleContent\MissleDrizzleContent.contentproj", "{6101A3F5-AF4C-47AE-9E62-7AD8FD01DA90}"
EndProject
Project("{FAE04EC0-301F-11D3-BF4B-00C04F79EFBC}") = "Xbox 360 Copy of MissleDrizzle", "MissleDrizzle\MissleDrizzle\Xbox 360 Copy of MissleDrizzle.csproj", "{8B602B4B-6BFA-4961-BF4B-AA33AD8DE3E9}"
EndProject
Project("{FAE04EC0-301F-11D3-BF4B-00C04F79EFBC}") = "MDDataLibrary", "MDDataLibrary\MDDataLibrary.csproj", "{EEC3B61F-8EDC-434A-85EF-2DC155C79D48}"
EndProject
Project("{FAE04EC0-301F-11D3-BF4B-00C04F79EFBC}") = "Xbox 360 Copy of MDDataLibrary", "MDDataLibrary\Xbox 360 Copy of MDDataLibrary.csproj", "{D2A76FD8-BE09-4E22-8C24-6439471C6451}"
EndProject
Global
	GlobalSection(SolutionConfigurationPlatforms) = preSolution
		Debug|Mixed Platforms = Debug|Mixed Platforms
		Debug|x86 = Debug|x86
		Debug|Xbox 360 = Debug|Xbox 360
		Release|Mixed Platforms = Release|Mixed Platforms
		Release|x86 = Release|x86
		Release|Xbox 360 = Release|Xbox 360
	EndGlobalSection
	GlobalSection(ProjectConfigurationPlatforms) = postSolution
		{70EC88FD-F9B5-4C0C-B5C2-724C60E3A8AB}.Debug|Mixed Platforms.ActiveCfg = Debug|x86
		{70EC88FD-F9B5-4C0C-B5C2-724C60E3A8AB}.Debug|Mixed Platforms.Build.0 = Debug|x86
		{70EC88FD-F9B5-4C0C-B5C2-724C60E3A8AB}.Debug|x86.ActiveCfg = Debug|x86
		{70EC88FD-F9B5-4C0C-B5C2-724C60E3A8AB}.Debug|x86.Build.0 = Debug|x86
		{70EC88FD-F9B5-4C0C-B5C2-724C60E3A8AB}.Debug|Xbox 360.ActiveCfg = Debug|x86
		{70EC88FD-F9B5-4C0C-B5C2-724C60E3A8AB}.Debug|Xbox 360.Build.0 = Debug|x86
		{70EC88FD-F9B5-4C0C-B5C2-724C60E3A8AB}.Release|Mixed Platforms.ActiveCfg = Release|x86
		{70EC88FD-F9B5-4C0C-B5C2-724C60E3A8AB}.Release|Mixed Platforms.Build.0 = Release|x86
		{70EC88FD-F9B5-4C0C-B5C2-724C60E3A8AB}.Release|x86.ActiveCfg = Release|x86
		{70EC88FD-F9B5-4C0C-B5C2-724C60E3A8AB}.Release|x86.Build.0 = Release|x86
		{70EC88FD-F9B5-4C0C-B5C2-724C60E3A8AB}.Release|Xbox 360.ActiveCfg = Release|x86
		{70EC88FD-F9B5-4C0C-B5C2-724C60E3A8AB}.Release|Xbox 360.Build.0 = Release|x86
		{6101A3F5-AF4C-47AE-9E62-7AD8FD01DA90}.Debug|Mixed Platforms.ActiveCfg = Debug|x86
		{6101A3F5-AF4C-47AE-9E62-7AD8FD01DA90}.Debug|x86.ActiveCfg = Debug|x86
		{6101A3F5-AF4C-47AE-9E62-7AD8FD01DA90}.Debug|Xbox 360.ActiveCfg = Debug|x86
		{6101A3F5-AF4C-47AE-9E62-7AD8FD01DA90}.Release|Mixed Platforms.ActiveCfg = Release|x86
		{6101A3F5-AF4C-47AE-9E62-7AD8FD01DA90}.Release|x86.ActiveCfg = Release|x86
		{6101A3F5-AF4C-47AE-9E62-7AD8FD01DA90}.Release|Xbox 360.ActiveCfg = Release|x86
		{8B602B4B-6BFA-4961-BF4B-AA33AD8DE3E9}.Debug|Mixed Platforms.ActiveCfg = Debug|Xbox 360
		{8B602B4B-6BFA-4961-BF4B-AA33AD8DE3E9}.Debug|Mixed Platforms.Build.0 = Debug|Xbox 360
		{8B602B4B-6BFA-4961-BF4B-AA33AD8DE3E9}.Debug|Mixed Platforms.Deploy.0 = Debug|Xbox 360
		{8B602B4B-6BFA-4961-BF4B-AA33AD8DE3E9}.Debug|x86.ActiveCfg = Debug|Xbox 360
		{8B602B4B-6BFA-4961-BF4B-AA33AD8DE3E9}.Debug|x86.Build.0 = Debug|Xbox 360
		{8B602B4B-6BFA-4961-BF4B-AA33AD8DE3E9}.Debug|Xbox 360.ActiveCfg = Debug|Xbox 360
		{8B602B4B-6BFA-4961-BF4B-AA33AD8DE3E9}.Debug|Xbox 360.Build.0 = Debug|Xbox 360
		{8B602B4B-6BFA-4961-BF4B-AA33AD8DE3E9}.Debug|Xbox 360.Deploy.0 = Debug|Xbox 360
		{8B602B4B-6BFA-4961-BF4B-AA33AD8DE3E9}.Release|Mixed Platforms.ActiveCfg = Release|Xbox 360
		{8B602B4B-6BFA-4961-BF4B-AA33AD8DE3E9}.Release|Mixed Platforms.Build.0 = Release|Xbox 360
		{8B602B4B-6BFA-4961-BF4B-AA33AD8DE3E9}.Release|Mixed Platforms.Deploy.0 = Release|Xbox 360
		{8B602B4B-6BFA-4961-BF4B-AA33AD8DE3E9}.Release|x86.ActiveCfg = Release|Xbox 360
		{8B602B4B-6BFA-4961-BF4B-AA33AD8DE3E9}.Release|x86.Build.0 = Release|Xbox 360
		{8B602B4B-6BFA-4961-BF4B-AA33AD8DE3E9}.Release|Xbox 360.ActiveCfg = Release|Xbox 360
		{8B602B4B-6BFA-4961-BF4B-AA33AD8DE3E9}.Release|Xbox 360.Build.0 = Release|Xbox 360
		{8B602B4B-6BFA-4961-BF4B-AA33AD8DE3E9}.Release|Xbox 360.Deploy.0 = Release|Xbox 360
		{EEC3B61F-8EDC-434A-85EF-2DC155C79D48}.Debug|Mixed Platforms.ActiveCfg = Debug|x86
		{EEC3B61F-8EDC-434A-85EF-2DC155C79D48}.Debug|Mixed Platforms.Build.0 = Debug|x86
		{EEC3B61F-8EDC-434A-85EF-2DC155C79D48}.Debug|x86.ActiveCfg = Debug|x86
		{EEC3B61F-8EDC-434A-85EF-2DC155C79D48}.Debug|x86.Build.0 = Debug|x86
		{EEC3B61F-8EDC-434A-85EF-2DC155C79D48}.Debug|Xbox 360.ActiveCfg = Debug|x86
		{EEC3B61F-8EDC-434A-85EF-2DC155C79D48}.Release|Mixed Platforms.ActiveCfg = Release|x86
		{EEC3B61F-8EDC-434A-85EF-2DC155C79D48}.Release|Mixed Platforms.Build.0 = Release|x86
		{EEC3B61F-8EDC-434A-85EF-2DC155C79D48}.Release|x86.ActiveCfg = Release|x86
		{EEC3B61F-8EDC-434A-85EF-2DC155C79D48}.Release|x86.Build.0 = Release|x86
		{EEC3B61F-8EDC-434A-85EF-2DC155C79D48}.Release|Xbox 360.ActiveCfg = Release|x86
		{D2A76FD8-BE09-4E22-8C24-6439471C6451}.Debug|Mixed Platforms.ActiveCfg = Debug|Xbox 360
		{D2A76FD8-BE09-4E22-8C24-6439471C6451}.Debug|Mixed Platforms.Build.0 = Debug|Xbox 360
		{D2A76FD8-BE09-4E22-8C24-6439471C6451}.Debug|x86.ActiveCfg = Debug|Xbox 360
		{D2A76FD8-BE09-4E22-8C24-6439471C6451}.Debug|Xbox 360.ActiveCfg = Debug|Xbox 360
		{D2A76FD8-BE09-4E22-8C24-6439471C6451}.Debug|Xbox 360.Build.0 = Debug|Xbox 360
		{D2A76FD8-BE09-4E22-8C24-6439471C6451}.Release|Mixed Platforms.ActiveCfg = Release|Xbox 360
		{D2A76FD8-BE09-4E22-8C24-6439471C6451}.Release|Mixed Platforms.Build.0 = Release|Xbox 360
		{D2A76FD8-BE09-4E22-8C24-6439471C6451}.Release|x86.ActiveCfg = Release|Xbox 360
		{D2A76FD8-BE09-4E22-8C24-6439471C6451}.Release|Xbox 360.ActiveCfg = Release|Xbox 360
		{D2A76FD8-BE09-4E22-8C24-6439471C6451}.Release|Xbox 360.Build.0 = Release|Xbox 360
	EndGlobalSection
	GlobalSection(SolutionProperties) = preSolution
		HideSolutionNode = FALSE
	EndGlobalSection
EndGlobal
